
Microsoft Visual Studio Solution File, Format Version 12.00
# Visual Studio Version 17
VisualStudioVersion = 17.3.32922.545
MinimumVisualStudioVersion = 10.0.40219.1
Project("{9A19103F-16F7-4668-BE54-9A1E7A4F7556}") = "FamiliesApi", "FamiliesApi.csproj", "{7DE4B561-A9FB-4F6F-8194-48EECEBC7078}"
EndProject
Global
	GlobalSection(SolutionConfigurationPlatforms) = preSolution
		Debug|Any CPU = Debug|Any CPU
		Release|Any CPU = Release|Any CPU
	EndGlobalSection
	GlobalSection(ProjectConfigurationPlatforms) = postSolution
		{7DE4B561-A9FB-4F6F-8194-48EECEBC7078}.Debug|Any CPU.ActiveCfg = Debug|Any CPU
		{7DE4B561-A9FB-4F6F-8194-48EECEBC7078}.Debug|Any CPU.Build.0 = Debug|Any CPU
		{7DE4B561-A9FB-4F6F-8194-48EECEBC7078}.Release|Any CPU.ActiveCfg = Release|Any CPU
		{7DE4B561-A9FB-4F6F-8194-48EECEBC7078}.Release|Any CPU.Build.0 = Release|Any CPU
	EndGlobalSection
	GlobalSection(SolutionProperties) = preSolution
		HideSolutionNode = FALSE
	EndGlobalSection
	GlobalSection(ExtensibilityGlobals) = postSolution
		SolutionGuid = {52808E93-8945-453B-A775-5C6AEC72DDAD}
	EndGlobalSection
EndGlobal
